// !$*UTF8*$!
{
	archiveVersion = 1;
	classes = {
	};
	objectVersion = 50;
	objects = {

/* Begin PBXBuildFile section */
		69338A6626CE7413002C25B5 /* AppDelegate.swift in Sources */ = {isa = PBXBuildFile; fileRef = 69338A6526CE7413002C25B5 /* AppDelegate.swift */; };
		69338A6826CE7413002C25B5 /* SceneDelegate.swift in Sources */ = {isa = PBXBuildFile; fileRef = 69338A6726CE7413002C25B5 /* SceneDelegate.swift */; };
		69338A6A26CE7413002C25B5 /* ContentView.swift in Sources */ = {isa = PBXBuildFile; fileRef = 69338A6926CE7413002C25B5 /* ContentView.swift */; };
		69338A6C26CE7418002C25B5 /* Assets.xcassets in Resources */ = {isa = PBXBuildFile; fileRef = 69338A6B26CE7418002C25B5 /* Assets.xcassets */; };
		69338A6F26CE7418002C25B5 /* Preview Assets.xcassets in Resources */ = {isa = PBXBuildFile; fileRef = 69338A6E26CE7418002C25B5 /* Preview Assets.xcassets */; };
		69338A7226CE7418002C25B5 /* LaunchScreen.storyboard in Resources */ = {isa = PBXBuildFile; fileRef = 69338A7026CE7418002C25B5 /* LaunchScreen.storyboard */; };
		69338A7D26CE7418002C25B5 /* RecipeTask_SoftExpertTests.swift in Sources */ = {isa = PBXBuildFile; fileRef = 69338A7C26CE7418002C25B5 /* RecipeTask_SoftExpertTests.swift */; };
		69338A8826CE7418002C25B5 /* RecipeTask_SoftExpertUITests.swift in Sources */ = {isa = PBXBuildFile; fileRef = 69338A8726CE7418002C25B5 /* RecipeTask_SoftExpertUITests.swift */; };
		69338AA126CE8266002C25B5 /* SearchStoryBoard.storyboard in Resources */ = {isa = PBXBuildFile; fileRef = 69338AA026CE8266002C25B5 /* SearchStoryBoard.storyboard */; };
/* End PBXBuildFile section */

/* Begin PBXContainerItemProxy section */
		69338A7926CE7418002C25B5 /* PBXContainerItemProxy */ = {
			isa = PBXContainerItemProxy;
			containerPortal = 69338A5A26CE7413002C25B5 /* Project object */;
			proxyType = 1;
			remoteGlobalIDString = 69338A6126CE7413002C25B5;
			remoteInfo = "RecipeTask-SoftExpert";
		};
		69338A8426CE7418002C25B5 /* PBXContainerItemProxy */ = {
			isa = PBXContainerItemProxy;
			containerPortal = 69338A5A26CE7413002C25B5 /* Project object */;
			proxyType = 1;
			remoteGlobalIDString = 69338A6126CE7413002C25B5;
			remoteInfo = "RecipeTask-SoftExpert";
		};
/* End PBXContainerItemProxy section */

/* Begin PBXFileReference section */
		69338A6226CE7413002C25B5 /* RecipeTask-SoftExpert.app */ = {isa = PBXFileReference; explicitFileType = wrapper.application; includeInIndex = 0; path = "RecipeTask-SoftExpert.app"; sourceTree = BUILT_PRODUCTS_DIR; };
		69338A6526CE7413002C25B5 /* AppDelegate.swift */ = {isa = PBXFileReference; lastKnownFileType = sourcecode.swift; path = AppDelegate.swift; sourceTree = "<group>"; };
		69338A6726CE7413002C25B5 /* SceneDelegate.swift */ = {isa = PBXFileReference; lastKnownFileType = sourcecode.swift; path = SceneDelegate.swift; sourceTree = "<group>"; };
		69338A6926CE7413002C25B5 /* ContentView.swift */ = {isa = PBXFileReference; lastKnownFileType = sourcecode.swift; path = ContentView.swift; sourceTree = "<group>"; };
		69338A6B26CE7418002C25B5 /* Assets.xcassets */ = {isa = PBXFileReference; lastKnownFileType = folder.assetcatalog; path = Assets.xcassets; sourceTree = "<group>"; };
		69338A6E26CE7418002C25B5 /* Preview Assets.xcassets */ = {isa = PBXFileReference; lastKnownFileType = folder.assetcatalog; path = "Preview Assets.xcassets"; sourceTree = "<group>"; };
		69338A7126CE7418002C25B5 /* Base */ = {isa = PBXFileReference; lastKnownFileType = file.storyboard; name = Base; path = Base.lproj/LaunchScreen.storyboard; sourceTree = "<group>"; };
		69338A7326CE7418002C25B5 /* Info.plist */ = {isa = PBXFileReference; lastKnownFileType = text.plist.xml; path = Info.plist; sourceTree = "<group>"; };
		69338A7826CE7418002C25B5 /* RecipeTask-SoftExpertTests.xctest */ = {isa = PBXFileReference; explicitFileType = wrapper.cfbundle; includeInIndex = 0; path = "RecipeTask-SoftExpertTests.xctest"; sourceTree = BUILT_PRODUCTS_DIR; };
		69338A7C26CE7418002C25B5 /* RecipeTask_SoftExpertTests.swift */ = {isa = PBXFileReference; lastKnownFileType = sourcecode.swift; path = RecipeTask_SoftExpertTests.swift; sourceTree = "<group>"; };
		69338A7E26CE7418002C25B5 /* Info.plist */ = {isa = PBXFileReference; lastKnownFileType = text.plist.xml; path = Info.plist; sourceTree = "<group>"; };
		69338A8326CE7418002C25B5 /* RecipeTask-SoftExpertUITests.xctest */ = {isa = PBXFileReference; explicitFileType = wrapper.cfbundle; includeInIndex = 0; path = "RecipeTask-SoftExpertUITests.xctest"; sourceTree = BUILT_PRODUCTS_DIR; };
		69338A8726CE7418002C25B5 /* RecipeTask_SoftExpertUITests.swift */ = {isa = PBXFileReference; lastKnownFileType = sourcecode.swift; path = RecipeTask_SoftExpertUITests.swift; sourceTree = "<group>"; };
		69338A8926CE7418002C25B5 /* Info.plist */ = {isa = PBXFileReference; lastKnownFileType = text.plist.xml; path = Info.plist; sourceTree = "<group>"; };
		69338AA026CE8266002C25B5 /* SearchStoryBoard.storyboard */ = {isa = PBXFileReference; lastKnownFileType = file.storyboard; path = SearchStoryBoard.storyboard; sourceTree = "<group>"; };
/* End PBXFileReference section */

/* Begin PBXFrameworksBuildPhase section */
		69338A5F26CE7413002C25B5 /* Frameworks */ = {
			isa = PBXFrameworksBuildPhase;
			buildActionMask = 2147483647;
			files = (
			);
			runOnlyForDeploymentPostprocessing = 0;
		};
		69338A7526CE7418002C25B5 /* Frameworks */ = {
			isa = PBXFrameworksBuildPhase;
			buildActionMask = 2147483647;
			files = (
			);
			runOnlyForDeploymentPostprocessing = 0;
		};
		69338A8026CE7418002C25B5 /* Frameworks */ = {
			isa = PBXFrameworksBuildPhase;
			buildActionMask = 2147483647;
			files = (
			);
			runOnlyForDeploymentPostprocessing = 0;
		};
/* End PBXFrameworksBuildPhase section */

/* Begin PBXGroup section */
		69338A5926CE7413002C25B5 = {
			isa = PBXGroup;
			children = (
				69338A6426CE7413002C25B5 /* RecipeTask-SoftExpert */,
				69338A7B26CE7418002C25B5 /* RecipeTask-SoftExpertTests */,
				69338A8626CE7418002C25B5 /* RecipeTask-SoftExpertUITests */,
				69338A6326CE7413002C25B5 /* Products */,
			);
			sourceTree = "<group>";
		};
		69338A6326CE7413002C25B5 /* Products */ = {
			isa = PBXGroup;
			children = (
				69338A6226CE7413002C25B5 /* RecipeTask-SoftExpert.app */,
				69338A7826CE7418002C25B5 /* RecipeTask-SoftExpertTests.xctest */,
				69338A8326CE7418002C25B5 /* RecipeTask-SoftExpertUITests.xctest */,
			);
			name = Products;
			sourceTree = "<group>";
		};
		69338A6426CE7413002C25B5 /* RecipeTask-SoftExpert */ = {
			isa = PBXGroup;
			children = (
				69338A9F26CE822F002C25B5 /* Constants */,
				69338A9626CE8171002C25B5 /* Details Module */,
				69338A9526CE815E002C25B5 /* Search Module */,
				69338A6526CE7413002C25B5 /* AppDelegate.swift */,
				69338A6726CE7413002C25B5 /* SceneDelegate.swift */,
				69338A6926CE7413002C25B5 /* ContentView.swift */,
				69338A6B26CE7418002C25B5 /* Assets.xcassets */,
				69338A7026CE7418002C25B5 /* LaunchScreen.storyboard */,
				69338A7326CE7418002C25B5 /* Info.plist */,
				69338A6D26CE7418002C25B5 /* Preview Content */,
			);
			path = "RecipeTask-SoftExpert";
			sourceTree = "<group>";
		};
		69338A6D26CE7418002C25B5 /* Preview Content */ = {
			isa = PBXGroup;
			children = (
				69338A6E26CE7418002C25B5 /* Preview Assets.xcassets */,
			);
			path = "Preview Content";
			sourceTree = "<group>";
		};
		69338A7B26CE7418002C25B5 /* RecipeTask-SoftExpertTests */ = {
			isa = PBXGroup;
			children = (
				69338A7C26CE7418002C25B5 /* RecipeTask_SoftExpertTests.swift */,
				69338A7E26CE7418002C25B5 /* Info.plist */,
			);
			path = "RecipeTask-SoftExpertTests";
			sourceTree = "<group>";
		};
		69338A8626CE7418002C25B5 /* RecipeTask-SoftExpertUITests */ = {
			isa = PBXGroup;
			children = (
				69338A8726CE7418002C25B5 /* RecipeTask_SoftExpertUITests.swift */,
				69338A8926CE7418002C25B5 /* Info.plist */,
			);
			path = "RecipeTask-SoftExpertUITests";
			sourceTree = "<group>";
		};
		69338A9526CE815E002C25B5 /* Search Module */ = {
			isa = PBXGroup;
			children = (
				69338A9E26CE821F002C25B5 /* Protocols */,
				69338A9C26CE81E4002C25B5 /* Router */,
				69338A9B26CE81D3002C25B5 /* Entities */,
				69338A9A26CE81C8002C25B5 /* Presenter */,
				69338A9926CE81B8002C25B5 /* Interactor */,
				69338A9826CE81AC002C25B5 /* View */,
			);
			path = "Search Module";
			sourceTree = "<group>";
		};
		69338A9626CE8171002C25B5 /* Details Module */ = {
			isa = PBXGroup;
			children = (
			);
			path = "Details Module";
			sourceTree = "<group>";
		};
		69338A9826CE81AC002C25B5 /* View */ = {
			isa = PBXGroup;
			children = (
				69338AA026CE8266002C25B5 /* SearchStoryBoard.storyboard */,
			);
			path = View;
			sourceTree = "<group>";
		};
		69338A9926CE81B8002C25B5 /* Interactor */ = {
			isa = PBXGroup;
			children = (
			);
			path = Interactor;
			sourceTree = "<group>";
		};
		69338A9A26CE81C8002C25B5 /* Presenter */ = {
			isa = PBXGroup;
			children = (
			);
			path = Presenter;
			sourceTree = "<group>";
		};
		69338A9B26CE81D3002C25B5 /* Entities */ = {
			isa = PBXGroup;
			children = (
			);
			path = Entities;
			sourceTree = "<group>";
		};
		69338A9C26CE81E4002C25B5 /* Router */ = {
			isa = PBXGroup;
			children = (
			);
			path = Router;
			sourceTree = "<group>";
		};
		69338A9E26CE821F002C25B5 /* Protocols */ = {
			isa = PBXGroup;
			children = (
			);
			path = Protocols;
			sourceTree = "<group>";
		};
		69338A9F26CE822F002C25B5 /* Constants */ = {
			isa = PBXGroup;
			children = (
			);
			path = Constants;
			sourceTree = "<group>";
		};
/* End PBXGroup section */

/* Begin PBXNativeTarget section */
		69338A6126CE7413002C25B5 /* RecipeTask-SoftExpert */ = {
			isa = PBXNativeTarget;
			buildConfigurationList = 69338A8C26CE7418002C25B5 /* Build configuration list for PBXNativeTarget "RecipeTask-SoftExpert" */;
			buildPhases = (
				69338A5E26CE7413002C25B5 /* Sources */,
				69338A5F26CE7413002C25B5 /* Frameworks */,
				69338A6026CE7413002C25B5 /* Resources */,
			);
			buildRules = (
			);
			dependencies = (
			);
			name = "RecipeTask-SoftExpert";
			productName = "RecipeTask-SoftExpert";
			productReference = 69338A6226CE7413002C25B5 /* RecipeTask-SoftExpert.app */;
			productType = "com.apple.product-type.application";
		};
		69338A7726CE7418002C25B5 /* RecipeTask-SoftExpertTests */ = {
			isa = PBXNativeTarget;
			buildConfigurationList = 69338A8F26CE7418002C25B5 /* Build configuration list for PBXNativeTarget "RecipeTask-SoftExpertTests" */;
			buildPhases = (
				69338A7426CE7418002C25B5 /* Sources */,
				69338A7526CE7418002C25B5 /* Frameworks */,
				69338A7626CE7418002C25B5 /* Resources */,
			);
			buildRules = (
			);
			dependencies = (
				69338A7A26CE7418002C25B5 /* PBXTargetDependency */,
			);
			name = "RecipeTask-SoftExpertTests";
			productName = "RecipeTask-SoftExpertTests";
			productReference = 69338A7826CE7418002C25B5 /* RecipeTask-SoftExpertTests.xctest */;
			productType = "com.apple.product-type.bundle.unit-test";
		};
		69338A8226CE7418002C25B5 /* RecipeTask-SoftExpertUITests */ = {
			isa = PBXNativeTarget;
			buildConfigurationList = 69338A9226CE7418002C25B5 /* Build configuration list for PBXNativeTarget "RecipeTask-SoftExpertUITests" */;
			buildPhases = (
				69338A7F26CE7418002C25B5 /* Sources */,
				69338A8026CE7418002C25B5 /* Frameworks */,
				69338A8126CE7418002C25B5 /* Resources */,
			);
			buildRules = (
			);
			dependencies = (
				69338A8526CE7418002C25B5 /* PBXTargetDependency */,
			);
			name = "RecipeTask-SoftExpertUITests";
			productName = "RecipeTask-SoftExpertUITests";
			productReference = 69338A8326CE7418002C25B5 /* RecipeTask-SoftExpertUITests.xctest */;
			productType = "com.apple.product-type.bundle.ui-testing";
		};
/* End PBXNativeTarget section */

/* Begin PBXProject section */
		69338A5A26CE7413002C25B5 /* Project object */ = {
			isa = PBXProject;
			attributes = {
				LastSwiftUpdateCheck = 1130;
				LastUpgradeCheck = 1130;
				ORGANIZATIONNAME = "Dina Adel";
				TargetAttributes = {
					69338A6126CE7413002C25B5 = {
						CreatedOnToolsVersion = 11.3;
					};
					69338A7726CE7418002C25B5 = {
						CreatedOnToolsVersion = 11.3;
						TestTargetID = 69338A6126CE7413002C25B5;
					};
					69338A8226CE7418002C25B5 = {
						CreatedOnToolsVersion = 11.3;
						TestTargetID = 69338A6126CE7413002C25B5;
					};
				};
			};
			buildConfigurationList = 69338A5D26CE7413002C25B5 /* Build configuration list for PBXProject "RecipeTask-SoftExpert" */;
			compatibilityVersion = "Xcode 9.3";
			developmentRegion = en;
			hasScannedForEncodings = 0;
			knownRegions = (
				en,
				Base,
			);
			mainGroup = 69338A5926CE7413002C25B5;
			productRefGroup = 69338A6326CE7413002C25B5 /* Products */;
			projectDirPath = "";
			projectRoot = "";
			targets = (
				69338A6126CE7413002C25B5 /* RecipeTask-SoftExpert */,
				69338A7726CE7418002C25B5 /* RecipeTask-SoftExpertTests */,
				69338A8226CE7418002C25B5 /* RecipeTask-SoftExpertUITests */,
			);
		};
/* End PBXProject section */

/* Begin PBXResourcesBuildPhase section */
		69338A6026CE7413002C25B5 /* Resources */ = {
			isa = PBXResourcesBuildPhase;
			buildActionMask = 2147483647;
			files = (
				69338A7226CE7418002C25B5 /* LaunchScreen.storyboard in Resources */,
				69338AA126CE8266002C25B5 /* SearchStoryBoard.storyboard in Resources */,
				69338A6F26CE7418002C25B5 /* Preview Assets.xcassets in Resources */,
				69338A6C26CE7418002C25B5 /* Assets.xcassets in Resources */,
			);
			runOnlyForDeploymentPostprocessing = 0;
		};
		69338A7626CE7418002C25B5 /* Resources */ = {
			isa = PBXResourcesBuildPhase;
			buildActionMask = 2147483647;
			files = (
			);
			runOnlyForDeploymentPostprocessing = 0;
		};
		69338A8126CE7418002C25B5 /* Resources */ = {
			isa = PBXResourcesBuildPhase;
			buildActionMask = 2147483647;
			files = (
			);
			runOnlyForDeploymentPostprocessing = 0;
		};
/* End PBXResourcesBuildPhase section */

/* Begin PBXSourcesBuildPhase section */
		69338A5E26CE7413002C25B5 /* Sources */ = {
			isa = PBXSourcesBuildPhase;
			buildActionMask = 2147483647;
			files = (
				69338A6626CE7413002C25B5 /* AppDelegate.swift in Sources */,
				69338A6826CE7413002C25B5 /* SceneDelegate.swift in Sources */,
				69338A6A26CE7413002C25B5 /* ContentView.swift in Sources */,
			);
			runOnlyForDeploymentPostprocessing = 0;
		};
		69338A7426CE7418002C25B5 /* Sources */ = {
			isa = PBXSourcesBuildPhase;
			buildActionMask = 2147483647;
			files = (
				69338A7D26CE7418002C25B5 /* RecipeTask_SoftExpertTests.swift in Sources */,
			);
			runOnlyForDeploymentPostprocessing = 0;
		};
		69338A7F26CE7418002C25B5 /* Sources */ = {
			isa = PBXSourcesBuildPhase;
			buildActionMask = 2147483647;
			files = (
				69338A8826CE7418002C25B5 /* RecipeTask_SoftExpertUITests.swift in Sources */,
			);
			runOnlyForDeploymentPostprocessing = 0;
		};
/* End PBXSourcesBuildPhase section */

/* Begin PBXTargetDependency section */
		69338A7A26CE7418002C25B5 /* PBXTargetDependency */ = {
			isa = PBXTargetDependency;
			target = 69338A6126CE7413002C25B5 /* RecipeTask-SoftExpert */;
			targetProxy = 69338A7926CE7418002C25B5 /* PBXContainerItemProxy */;
		};
		69338A8526CE7418002C25B5 /* PBXTargetDependency */ = {
			isa = PBXTargetDependency;
			target = 69338A6126CE7413002C25B5 /* RecipeTask-SoftExpert */;
			targetProxy = 69338A8426CE7418002C25B5 /* PBXContainerItemProxy */;
		};
/* End PBXTargetDependency section */

/* Begin PBXVariantGroup section */
		69338A7026CE7418002C25B5 /* LaunchScreen.storyboard */ = {
			isa = PBXVariantGroup;
			children = (
				69338A7126CE7418002C25B5 /* Base */,
			);
			name = LaunchScreen.storyboard;
			sourceTree = "<group>";
		};
/* End PBXVariantGroup section */

/* Begin XCBuildConfiguration section */
		69338A8A26CE7418002C25B5 /* Debug */ = {
			isa = XCBuildConfiguration;
			buildSettings = {
				ALWAYS_SEARCH_USER_PATHS = NO;
				CLANG_ANALYZER_NONNULL = YES;
				CLANG_ANALYZER_NUMBER_OBJECT_CONVERSION = YES_AGGRESSIVE;
				CLANG_CXX_LANGUAGE_STANDARD = "gnu++14";
				CLANG_CXX_LIBRARY = "libc++";
				CLANG_ENABLE_MODULES = YES;
				CLANG_ENABLE_OBJC_ARC = YES;
				CLANG_ENABLE_OBJC_WEAK = YES;
				CLANG_WARN_BLOCK_CAPTURE_AUTORELEASING = YES;
				CLANG_WARN_BOOL_CONVERSION = YES;
				CLANG_WARN_COMMA = YES;
				CLANG_WARN_CONSTANT_CONVERSION = YES;
				CLANG_WARN_DEPRECATED_OBJC_IMPLEMENTATIONS = YES;
				CLANG_WARN_DIRECT_OBJC_ISA_USAGE = YES_ERROR;
				CLANG_WARN_DOCUMENTATION_COMMENTS = YES;
				CLANG_WARN_EMPTY_BODY = YES;
				CLANG_WARN_ENUM_CONVERSION = YES;
				CLANG_WARN_INFINITE_RECURSION = YES;
				CLANG_WARN_INT_CONVERSION = YES;
				CLANG_WARN_NON_LITERAL_NULL_CONVERSION = YES;
				CLANG_WARN_OBJC_IMPLICIT_RETAIN_SELF = YES;
				CLANG_WARN_OBJC_LITERAL_CONVERSION = YES;
				CLANG_WARN_OBJC_ROOT_CLASS = YES_ERROR;
				CLANG_WARN_RANGE_LOOP_ANALYSIS = YES;
				CLANG_WARN_STRICT_PROTOTYPES = YES;
				CLANG_WARN_SUSPICIOUS_MOVE = YES;
				CLANG_WARN_UNGUARDED_AVAILABILITY = YES_AGGRESSIVE;
				CLANG_WARN_UNREACHABLE_CODE = YES;
				CLANG_WARN__DUPLICATE_METHOD_MATCH = YES;
				COPY_PHASE_STRIP = NO;
				DEBUG_INFORMATION_FORMAT = dwarf;
				ENABLE_STRICT_OBJC_MSGSEND = YES;
				ENABLE_TESTABILITY = YES;
				GCC_C_LANGUAGE_STANDARD = gnu11;
				GCC_DYNAMIC_NO_PIC = NO;
				GCC_NO_COMMON_BLOCKS = YES;
				GCC_OPTIMIZATION_LEVEL = 0;
				GCC_PREPROCESSOR_DEFINITIONS = (
					"DEBUG=1",
					"$(inherited)",
				);
				GCC_WARN_64_TO_32_BIT_CONVERSION = YES;
				GCC_WARN_ABOUT_RETURN_TYPE = YES_ERROR;
				GCC_WARN_UNDECLARED_SELECTOR = YES;
				GCC_WARN_UNINITIALIZED_AUTOS = YES_AGGRESSIVE;
				GCC_WARN_UNUSED_FUNCTION = YES;
				GCC_WARN_UNUSED_VARIABLE = YES;
				IPHONEOS_DEPLOYMENT_TARGET = 13.2;
				MTL_ENABLE_DEBUG_INFO = INCLUDE_SOURCE;
				MTL_FAST_MATH = YES;
				ONLY_ACTIVE_ARCH = YES;
				SDKROOT = iphoneos;
				SWIFT_ACTIVE_COMPILATION_CONDITIONS = DEBUG;
				SWIFT_OPTIMIZATION_LEVEL = "-Onone";
			};
			name = Debug;
		};
		69338A8B26CE7418002C25B5 /* Release */ = {
			isa = XCBuildConfiguration;
			buildSettings = {
				ALWAYS_SEARCH_USER_PATHS = NO;
				CLANG_ANALYZER_NONNULL = YES;
				CLANG_ANALYZER_NUMBER_OBJECT_CONVERSION = YES_AGGRESSIVE;
				CLANG_CXX_LANGUAGE_STANDARD = "gnu++14";
				CLANG_CXX_LIBRARY = "libc++";
				CLANG_ENABLE_MODULES = YES;
				CLANG_ENABLE_OBJC_ARC = YES;
				CLANG_ENABLE_OBJC_WEAK = YES;
				CLANG_WARN_BLOCK_CAPTURE_AUTORELEASING = YES;
				CLANG_WARN_BOOL_CONVERSION = YES;
				CLANG_WARN_COMMA = YES;
				CLANG_WARN_CONSTANT_CONVERSION = YES;
				CLANG_WARN_DEPRECATED_OBJC_IMPLEMENTATIONS = YES;
				CLANG_WARN_DIRECT_OBJC_ISA_USAGE = YES_ERROR;
				CLANG_WARN_DOCUMENTATION_COMMENTS = YES;
				CLANG_WARN_EMPTY_BODY = YES;
				CLANG_WARN_ENUM_CONVERSION = YES;
				CLANG_WARN_INFINITE_RECURSION = YES;
				CLANG_WARN_INT_CONVERSION = YES;
				CLANG_WARN_NON_LITERAL_NULL_CONVERSION = YES;
				CLANG_WARN_OBJC_IMPLICIT_RETAIN_SELF = YES;
				CLANG_WARN_OBJC_LITERAL_CONVERSION = YES;
				CLANG_WARN_OBJC_ROOT_CLASS = YES_ERROR;
				CLANG_WARN_RANGE_LOOP_ANALYSIS = YES;
				CLANG_WARN_STRICT_PROTOTYPES = YES;
				CLANG_WARN_SUSPICIOUS_MOVE = YES;
				CLANG_WARN_UNGUARDED_AVAILABILITY = YES_AGGRESSIVE;
				CLANG_WARN_UNREACHABLE_CODE = YES;
				CLANG_WARN__DUPLICATE_METHOD_MATCH = YES;
				COPY_PHASE_STRIP = NO;
				DEBUG_INFORMATION_FORMAT = "dwarf-with-dsym";
				ENABLE_NS_ASSERTIONS = NO;
				ENABLE_STRICT_OBJC_MSGSEND = YES;
				GCC_C_LANGUAGE_STANDARD = gnu11;
				GCC_NO_COMMON_BLOCKS = YES;
				GCC_WARN_64_TO_32_BIT_CONVERSION = YES;
				GCC_WARN_ABOUT_RETURN_TYPE = YES_ERROR;
				GCC_WARN_UNDECLARED_SELECTOR = YES;
				GCC_WARN_UNINITIALIZED_AUTOS = YES_AGGRESSIVE;
				GCC_WARN_UNUSED_FUNCTION = YES;
				GCC_WARN_UNUSED_VARIABLE = YES;
				IPHONEOS_DEPLOYMENT_TARGET = 13.2;
				MTL_ENABLE_DEBUG_INFO = NO;
				MTL_FAST_MATH = YES;
				SDKROOT = iphoneos;
				SWIFT_COMPILATION_MODE = wholemodule;
				SWIFT_OPTIMIZATION_LEVEL = "-O";
				VALIDATE_PRODUCT = YES;
			};
			name = Release;
		};
		69338A8D26CE7418002C25B5 /* Debug */ = {
			isa = XCBuildConfiguration;
			buildSettings = {
				ASSETCATALOG_COMPILER_APPICON_NAME = AppIcon;
				CODE_SIGN_STYLE = Automatic;
				DEVELOPMENT_ASSET_PATHS = "\"RecipeTask-SoftExpert/Preview Content\"";
				ENABLE_PREVIEWS = YES;
				INFOPLIST_FILE = "RecipeTask-SoftExpert/Info.plist";
				LD_RUNPATH_SEARCH_PATHS = (
					"$(inherited)",
					"@executable_path/Frameworks",
				);
				PRODUCT_BUNDLE_IDENTIFIER = "SoftExpert.RecipeTask-SoftExpert";
				PRODUCT_NAME = "$(TARGET_NAME)";
				SWIFT_VERSION = 5.0;
				TARGETED_DEVICE_FAMILY = "1,2";
			};
			name = Debug;
		};
		69338A8E26CE7418002C25B5 /* Release */ = {
			isa = XCBuildConfiguration;
			buildSettings = {
				ASSETCATALOG_COMPILER_APPICON_NAME = AppIcon;
				CODE_SIGN_STYLE = Automatic;
				DEVELOPMENT_ASSET_PATHS = "\"RecipeTask-SoftExpert/Preview Content\"";
				ENABLE_PREVIEWS = YES;
				INFOPLIST_FILE = "RecipeTask-SoftExpert/Info.plist";
				LD_RUNPATH_SEARCH_PATHS = (
					"$(inherited)",
					"@executable_path/Frameworks",
				);
				PRODUCT_BUNDLE_IDENTIFIER = "SoftExpert.RecipeTask-SoftExpert";
				PRODUCT_NAME = "$(TARGET_NAME)";
				SWIFT_VERSION = 5.0;
				TARGETED_DEVICE_FAMILY = "1,2";
			};
			name = Release;
		};
		69338A9026CE7418002C25B5 /* Debug */ = {
			isa = XCBuildConfiguration;
			buildSettings = {
				ALWAYS_EMBED_SWIFT_STANDARD_LIBRARIES = YES;
				BUNDLE_LOADER = "$(TEST_HOST)";
				CODE_SIGN_STYLE = Automatic;
				INFOPLIST_FILE = "RecipeTask-SoftExpertTests/Info.plist";
				IPHONEOS_DEPLOYMENT_TARGET = 13.2;
				LD_RUNPATH_SEARCH_PATHS = (
					"$(inherited)",
					"@executable_path/Frameworks",
					"@loader_path/Frameworks",
				);
				PRODUCT_BUNDLE_IDENTIFIER = "SoftExpert.RecipeTask-SoftExpertTests";
				PRODUCT_NAME = "$(TARGET_NAME)";
				SWIFT_VERSION = 5.0;
				TARGETED_DEVICE_FAMILY = "1,2";
				TEST_HOST = "$(BUILT_PRODUCTS_DIR)/RecipeTask-SoftExpert.app/RecipeTask-SoftExpert";
			};
			name = Debug;
		};
		69338A9126CE7418002C25B5 /* Release */ = {
			isa = XCBuildConfiguration;
			buildSettings = {
				ALWAYS_EMBED_SWIFT_STANDARD_LIBRARIES = YES;
				BUNDLE_LOADER = "$(TEST_HOST)";
				CODE_SIGN_STYLE = Automatic;
				INFOPLIST_FILE = "RecipeTask-SoftExpertTests/Info.plist";
				IPHONEOS_DEPLOYMENT_TARGET = 13.2;
				LD_RUNPATH_SEARCH_PATHS = (
					"$(inherited)",
					"@executable_path/Frameworks",
					"@loader_path/Frameworks",
				);
				PRODUCT_BUNDLE_IDENTIFIER = "SoftExpert.RecipeTask-SoftExpertTests";
				PRODUCT_NAME = "$(TARGET_NAME)";
				SWIFT_VERSION = 5.0;
				TARGETED_DEVICE_FAMILY = "1,2";
				TEST_HOST = "$(BUILT_PRODUCTS_DIR)/RecipeTask-SoftExpert.app/RecipeTask-SoftExpert";
			};
			name = Release;
		};
		69338A9326CE7418002C25B5 /* Debug */ = {
			isa = XCBuildConfiguration;
			buildSettings = {
				ALWAYS_EMBED_SWIFT_STANDARD_LIBRARIES = YES;
				CODE_SIGN_STYLE = Automatic;
				INFOPLIST_FILE = "RecipeTask-SoftExpertUITests/Info.plist";
				LD_RUNPATH_SEARCH_PATHS = (
					"$(inherited)",
					"@executable_path/Frameworks",
					"@loader_path/Frameworks",
				);
				PRODUCT_BUNDLE_IDENTIFIER = "SoftExpert.RecipeTask-SoftExpertUITests";
				PRODUCT_NAME = "$(TARGET_NAME)";
				SWIFT_VERSION = 5.0;
				TARGETED_DEVICE_FAMILY = "1,2";
				TEST_TARGET_NAME = "RecipeTask-SoftExpert";
			};
			name = Debug;
		};
		69338A9426CE7418002C25B5 /* Release */ = {
			isa = XCBuildConfiguration;
			buildSettings = {
				ALWAYS_EMBED_SWIFT_STANDARD_LIBRARIES = YES;
				CODE_SIGN_STYLE = Automatic;
				INFOPLIST_FILE = "RecipeTask-SoftExpertUITests/Info.plist";
				LD_RUNPATH_SEARCH_PATHS = (
					"$(inherited)",
					"@executable_path/Frameworks",
					"@loader_path/Frameworks",
				);
				PRODUCT_BUNDLE_IDENTIFIER = "SoftExpert.RecipeTask-SoftExpertUITests";
				PRODUCT_NAME = "$(TARGET_NAME)";
				SWIFT_VERSION = 5.0;
				TARGETED_DEVICE_FAMILY = "1,2";
				TEST_TARGET_NAME = "RecipeTask-SoftExpert";
			};
			name = Release;
		};
/* End XCBuildConfiguration section */

/* Begin XCConfigurationList section */
		69338A5D26CE7413002C25B5 /* Build configuration list for PBXProject "RecipeTask-SoftExpert" */ = {
			isa = XCConfigurationList;
			buildConfigurations = (
				69338A8A26CE7418002C25B5 /* Debug */,
				69338A8B26CE7418002C25B5 /* Release */,
			);
			defaultConfigurationIsVisible = 0;
			defaultConfigurationName = Release;
		};
		69338A8C26CE7418002C25B5 /* Build configuration list for PBXNativeTarget "RecipeTask-SoftExpert" */ = {
			isa = XCConfigurationList;
			buildConfigurations = (
				69338A8D26CE7418002C25B5 /* Debug */,
				69338A8E26CE7418002C25B5 /* Release */,
			);
			defaultConfigurationIsVisible = 0;
			defaultConfigurationName = Release;
		};
		69338A8F26CE7418002C25B5 /* Build configuration list for PBXNativeTarget "RecipeTask-SoftExpertTests" */ = {
			isa = XCConfigurationList;
			buildConfigurations = (
				69338A9026CE7418002C25B5 /* Debug */,
				69338A9126CE7418002C25B5 /* Release */,
			);
			defaultConfigurationIsVisible = 0;
			defaultConfigurationName = Release;
		};
		69338A9226CE7418002C25B5 /* Build configuration list for PBXNativeTarget "RecipeTask-SoftExpertUITests" */ = {
			isa = XCConfigurationList;
			buildConfigurations = (
				69338A9326CE7418002C25B5 /* Debug */,
				69338A9426CE7418002C25B5 /* Release */,
			);
			defaultConfigurationIsVisible = 0;
			defaultConfigurationName = Release;
		};
/* End XCConfigurationList section */
	};
	rootObject = 69338A5A26CE7413002C25B5 /* Project object */;
}
